
Microsoft Visual Studio Solution File, Format Version 12.00
# Visual Studio Version 16
VisualStudioVersion = 16.0.29025.244
MinimumVisualStudioVersion = 10.0.40219.1
Project("{FAE04EC0-301F-11D3-BF4B-00C04F79EFBC}") = "GuessMyWord", "GuessMyWord\GuessMyWord.csproj", "{98D86EB0-BC7B-40A0-BEA6-8F78293A89A7}"
EndProject
Project("{FAE04EC0-301F-11D3-BF4B-00C04F79EFBC}") = "UnitTests", "UnitTests\UnitTests.csproj", "{B315D11E-8DA0-4C0F-88E8-B98608D58F03}"
EndProject
Global
	GlobalSection(SolutionConfigurationPlatforms) = preSolution
		Debug|Any CPU = Debug|Any CPU
		Release|Any CPU = Release|Any CPU
	EndGlobalSection
	GlobalSection(ProjectConfigurationPlatforms) = postSolution
		{98D86EB0-BC7B-40A0-BEA6-8F78293A89A7}.Debug|Any CPU.ActiveCfg = Debug|Any CPU
		{98D86EB0-BC7B-40A0-BEA6-8F78293A89A7}.Debug|Any CPU.Build.0 = Debug|Any CPU
		{98D86EB0-BC7B-40A0-BEA6-8F78293A89A7}.Release|Any CPU.ActiveCfg = Release|Any CPU
		{98D86EB0-BC7B-40A0-BEA6-8F78293A89A7}.Release|Any CPU.Build.0 = Release|Any CPU
		{B315D11E-8DA0-4C0F-88E8-B98608D58F03}.Debug|Any CPU.ActiveCfg = Debug|Any CPU
		{B315D11E-8DA0-4C0F-88E8-B98608D58F03}.Debug|Any CPU.Build.0 = Debug|Any CPU
		{B315D11E-8DA0-4C0F-88E8-B98608D58F03}.Release|Any CPU.ActiveCfg = Release|Any CPU
		{B315D11E-8DA0-4C0F-88E8-B98608D58F03}.Release|Any CPU.Build.0 = Release|Any CPU
	EndGlobalSection
	GlobalSection(SolutionProperties) = preSolution
		HideSolutionNode = FALSE
	EndGlobalSection
	GlobalSection(ExtensibilityGlobals) = postSolution
		SolutionGuid = {912DCB2B-4779-4E81-82E8-E0A0E71AB7E1}
	EndGlobalSection
EndGlobal
